
Microsoft Visual Studio Solution File, Format Version 12.00
# Visual Studio Version 17
VisualStudioVersion = 17.3.32901.215
MinimumVisualStudioVersion = 10.0.40219.1
Project("{8BC9CEB8-8B4A-11D0-8D11-00A0C91BC942}") = "lab_6_4_2", "lab_6_4_2\lab_6_4_2.vcxproj", "{EA8F627D-0EB0-4810-88B5-44F567813F54}"
EndProject
Project("{8BC9CEB8-8B4A-11D0-8D11-00A0C91BC942}") = "UnitTest1", "UnitTest1\UnitTest1.vcxproj", "{77C39A74-FF47-4BA4-9982-023CDE2EB240}"
EndProject
Global
	GlobalSection(SolutionConfigurationPlatforms) = preSolution
		Debug|x64 = Debug|x64
		Debug|x86 = Debug|x86
		Release|x64 = Release|x64
		Release|x86 = Release|x86
	EndGlobalSection
	GlobalSection(ProjectConfigurationPlatforms) = postSolution
		{EA8F627D-0EB0-4810-88B5-44F567813F54}.Debug|x64.ActiveCfg = Debug|x64
		{EA8F627D-0EB0-4810-88B5-44F567813F54}.Debug|x64.Build.0 = Debug|x64
		{EA8F627D-0EB0-4810-88B5-44F567813F54}.Debug|x86.ActiveCfg = Debug|Win32
		{EA8F627D-0EB0-4810-88B5-44F567813F54}.Debug|x86.Build.0 = Debug|Win32
		{EA8F627D-0EB0-4810-88B5-44F567813F54}.Release|x64.ActiveCfg = Release|x64
		{EA8F627D-0EB0-4810-88B5-44F567813F54}.Release|x64.Build.0 = Release|x64
		{EA8F627D-0EB0-4810-88B5-44F567813F54}.Release|x86.ActiveCfg = Release|Win32
		{EA8F627D-0EB0-4810-88B5-44F567813F54}.Release|x86.Build.0 = Release|Win32
		{77C39A74-FF47-4BA4-9982-023CDE2EB240}.Debug|x64.ActiveCfg = Debug|x64
		{77C39A74-FF47-4BA4-9982-023CDE2EB240}.Debug|x64.Build.0 = Debug|x64
		{77C39A74-FF47-4BA4-9982-023CDE2EB240}.Debug|x86.ActiveCfg = Debug|Win32
		{77C39A74-FF47-4BA4-9982-023CDE2EB240}.Debug|x86.Build.0 = Debug|Win32
		{77C39A74-FF47-4BA4-9982-023CDE2EB240}.Release|x64.ActiveCfg = Release|x64
		{77C39A74-FF47-4BA4-9982-023CDE2EB240}.Release|x64.Build.0 = Release|x64
		{77C39A74-FF47-4BA4-9982-023CDE2EB240}.Release|x86.ActiveCfg = Release|Win32
		{77C39A74-FF47-4BA4-9982-023CDE2EB240}.Release|x86.Build.0 = Release|Win32
	EndGlobalSection
	GlobalSection(SolutionProperties) = preSolution
		HideSolutionNode = FALSE
	EndGlobalSection
	GlobalSection(ExtensibilityGlobals) = postSolution
		SolutionGuid = {ADF79EFD-2C19-4982-B5FD-C1A78BB4F2B5}
	EndGlobalSection
EndGlobal
